// !$*UTF8*$!
{
	archiveVersion = 1;
	classes = {
	};
	objectVersion = 46;
	objects = {

/* Begin PBXBuildFile section */
		C7A3274E1F3403F700FF05D4 /* main.m in Sources */ = {isa = PBXBuildFile; fileRef = C7A3274D1F3403F700FF05D4 /* main.m */; };
		C7A327511F3403F700FF05D4 /* AppDelegate.m in Sources */ = {isa = PBXBuildFile; fileRef = C7A327501F3403F700FF05D4 /* AppDelegate.m */; };
		C7A327541F3403F700FF05D4 /* ViewController.m in Sources */ = {isa = PBXBuildFile; fileRef = C7A327531F3403F700FF05D4 /* ViewController.m */; };
		C7A327571F3403F700FF05D4 /* Main.storyboard in Resources */ = {isa = PBXBuildFile; fileRef = C7A327551F3403F700FF05D4 /* Main.storyboard */; };
		C7A327591F3403F700FF05D4 /* Assets.xcassets in Resources */ = {isa = PBXBuildFile; fileRef = C7A327581F3403F700FF05D4 /* Assets.xcassets */; };
		C7A3275C1F3403F700FF05D4 /* LaunchScreen.storyboard in Resources */ = {isa = PBXBuildFile; fileRef = C7A3275A1F3403F700FF05D4 /* LaunchScreen.storyboard */; };
		C7A3276F1F3404F800FF05D4 /* PieChartViewController.m in Sources */ = {isa = PBXBuildFile; fileRef = C7A327651F3404F800FF05D4 /* PieChartViewController.m */; };
		C7A327701F3404F800FF05D4 /* LineChartViewController.m in Sources */ = {isa = PBXBuildFile; fileRef = C7A327681F3404F800FF05D4 /* LineChartViewController.m */; };
		C7A327711F3404F800FF05D4 /* HistogramViewController.m in Sources */ = {isa = PBXBuildFile; fileRef = C7A3276B1F3404F800FF05D4 /* HistogramViewController.m */; };
		C7A327721F3404F800FF05D4 /* AnimationTwoListViewController.m in Sources */ = {isa = PBXBuildFile; fileRef = C7A3276E1F3404F800FF05D4 /* AnimationTwoListViewController.m */; };
		C7A327B71F340E1F00FF05D4 /* HLHistogramData.m in Sources */ = {isa = PBXBuildFile; fileRef = C7A327A81F340E1F00FF05D4 /* HLHistogramData.m */; };
		C7A327B81F340E1F00FF05D4 /* HLHistogramView.m in Sources */ = {isa = PBXBuildFile; fileRef = C7A327AA1F340E1F00FF05D4 /* HLHistogramView.m */; };
		C7A327B91F340E1F00FF05D4 /* HLLineChartData.m in Sources */ = {isa = PBXBuildFile; fileRef = C7A327AC1F340E1F00FF05D4 /* HLLineChartData.m */; };
		C7A327BA1F340E1F00FF05D4 /* HLLineChartView.m in Sources */ = {isa = PBXBuildFile; fileRef = C7A327AE1F340E1F00FF05D4 /* HLLineChartView.m */; };
		C7A327BB1F340E1F00FF05D4 /* HLPieChartData.m in Sources */ = {isa = PBXBuildFile; fileRef = C7A327B01F340E1F00FF05D4 /* HLPieChartData.m */; };
		C7A327BC1F340E1F00FF05D4 /* HLPieChartView.m in Sources */ = {isa = PBXBuildFile; fileRef = C7A327B21F340E1F00FF05D4 /* HLPieChartView.m */; };
		C7A327BD1F340E1F00FF05D4 /* HLPieLengendView.m in Sources */ = {isa = PBXBuildFile; fileRef = C7A327B41F340E1F00FF05D4 /* HLPieLengendView.m */; };
		C7A327BE1F340E1F00FF05D4 /* UIView+SetRect.m in Sources */ = {isa = PBXBuildFile; fileRef = C7A327B61F340E1F00FF05D4 /* UIView+SetRect.m */; };
/* End PBXBuildFile section */

/* Begin PBXFileReference section */
		C7A327491F3403F700FF05D4 /* ChartDemo.app */ = {isa = PBXFileReference; explicitFileType = wrapper.application; includeInIndex = 0; path = ChartDemo.app; sourceTree = BUILT_PRODUCTS_DIR; };
		C7A3274D1F3403F700FF05D4 /* main.m */ = {isa = PBXFileReference; lastKnownFileType = sourcecode.c.objc; path = main.m; sourceTree = "<group>"; };
		C7A3274F1F3403F700FF05D4 /* AppDelegate.h */ = {isa = PBXFileReference; lastKnownFileType = sourcecode.c.h; path = AppDelegate.h; sourceTree = "<group>"; };
		C7A327501F3403F700FF05D4 /* AppDelegate.m */ = {isa = PBXFileReference; lastKnownFileType = sourcecode.c.objc; path = AppDelegate.m; sourceTree = "<group>"; };
		C7A327521F3403F700FF05D4 /* ViewController.h */ = {isa = PBXFileReference; lastKnownFileType = sourcecode.c.h; path = ViewController.h; sourceTree = "<group>"; };
		C7A327531F3403F700FF05D4 /* ViewController.m */ = {isa = PBXFileReference; lastKnownFileType = sourcecode.c.objc; path = ViewController.m; sourceTree = "<group>"; };
		C7A327561F3403F700FF05D4 /* Base */ = {isa = PBXFileReference; lastKnownFileType = file.storyboard; name = Base; path = Base.lproj/Main.storyboard; sourceTree = "<group>"; };
		C7A327581F3403F700FF05D4 /* Assets.xcassets */ = {isa = PBXFileReference; lastKnownFileType = folder.assetcatalog; path = Assets.xcassets; sourceTree = "<group>"; };
		C7A3275B1F3403F700FF05D4 /* Base */ = {isa = PBXFileReference; lastKnownFileType = file.storyboard; name = Base; path = Base.lproj/LaunchScreen.storyboard; sourceTree = "<group>"; };
		C7A3275D1F3403F700FF05D4 /* Info.plist */ = {isa = PBXFileReference; lastKnownFileType = text.plist.xml; path = Info.plist; sourceTree = "<group>"; };
		C7A327641F3404F800FF05D4 /* PieChartViewController.h */ = {isa = PBXFileReference; fileEncoding = 4; lastKnownFileType = sourcecode.c.h; path = PieChartViewController.h; sourceTree = "<group>"; };
		C7A327651F3404F800FF05D4 /* PieChartViewController.m */ = {isa = PBXFileReference; fileEncoding = 4; lastKnownFileType = sourcecode.c.objc; path = PieChartViewController.m; sourceTree = "<group>"; };
		C7A327671F3404F800FF05D4 /* LineChartViewController.h */ = {isa = PBXFileReference; fileEncoding = 4; lastKnownFileType = sourcecode.c.h; path = LineChartViewController.h; sourceTree = "<group>"; };
		C7A327681F3404F800FF05D4 /* LineChartViewController.m */ = {isa = PBXFileReference; fileEncoding = 4; lastKnownFileType = sourcecode.c.objc; path = LineChartViewController.m; sourceTree = "<group>"; };
		C7A3276A1F3404F800FF05D4 /* HistogramViewController.h */ = {isa = PBXFileReference; fileEncoding = 4; lastKnownFileType = sourcecode.c.h; path = HistogramViewController.h; sourceTree = "<group>"; };
		C7A3276B1F3404F800FF05D4 /* HistogramViewController.m */ = {isa = PBXFileReference; fileEncoding = 4; lastKnownFileType = sourcecode.c.objc; path = HistogramViewController.m; sourceTree = "<group>"; };
		C7A3276D1F3404F800FF05D4 /* AnimationTwoListViewController.h */ = {isa = PBXFileReference; fileEncoding = 4; lastKnownFileType = sourcecode.c.h; path = AnimationTwoListViewController.h; sourceTree = "<group>"; };
		C7A3276E1F3404F800FF05D4 /* AnimationTwoListViewController.m */ = {isa = PBXFileReference; fileEncoding = 4; lastKnownFileType = sourcecode.c.objc; path = AnimationTwoListViewController.m; sourceTree = "<group>"; };
		C7A3278C1F3406AF00FF05D4 /* PrefixHeader.pch */ = {isa = PBXFileReference; lastKnownFileType = sourcecode.c.h; path = PrefixHeader.pch; sourceTree = "<group>"; };
		C7A327A71F340E1F00FF05D4 /* HLHistogramData.h */ = {isa = PBXFileReference; fileEncoding = 4; lastKnownFileType = sourcecode.c.h; path = HLHistogramData.h; sourceTree = "<group>"; };
		C7A327A81F340E1F00FF05D4 /* HLHistogramData.m */ = {isa = PBXFileReference; fileEncoding = 4; lastKnownFileType = sourcecode.c.objc; path = HLHistogramData.m; sourceTree = "<group>"; };
		C7A327A91F340E1F00FF05D4 /* HLHistogramView.h */ = {isa = PBXFileReference; fileEncoding = 4; lastKnownFileType = sourcecode.c.h; path = HLHistogramView.h; sourceTree = "<group>"; };
		C7A327AA1F340E1F00FF05D4 /* HLHistogramView.m */ = {isa = PBXFileReference; fileEncoding = 4; lastKnownFileType = sourcecode.c.objc; path = HLHistogramView.m; sourceTree = "<group>"; };
		C7A327AB1F340E1F00FF05D4 /* HLLineChartData.h */ = {isa = PBXFileReference; fileEncoding = 4; lastKnownFileType = sourcecode.c.h; path = HLLineChartData.h; sourceTree = "<group>"; };
		C7A327AC1F340E1F00FF05D4 /* HLLineChartData.m */ = {isa = PBXFileReference; fileEncoding = 4; lastKnownFileType = sourcecode.c.objc; path = HLLineChartData.m; sourceTree = "<group>"; };
		C7A327AD1F340E1F00FF05D4 /* HLLineChartView.h */ = {isa = PBXFileReference; fileEncoding = 4; lastKnownFileType = sourcecode.c.h; path = HLLineChartView.h; sourceTree = "<group>"; };
		C7A327AE1F340E1F00FF05D4 /* HLLineChartView.m */ = {isa = PBXFileReference; fileEncoding = 4; lastKnownFileType = sourcecode.c.objc; path = HLLineChartView.m; sourceTree = "<group>"; };
		C7A327AF1F340E1F00FF05D4 /* HLPieChartData.h */ = {isa = PBXFileReference; fileEncoding = 4; lastKnownFileType = sourcecode.c.h; path = HLPieChartData.h; sourceTree = "<group>"; };
		C7A327B01F340E1F00FF05D4 /* HLPieChartData.m */ = {isa = PBXFileReference; fileEncoding = 4; lastKnownFileType = sourcecode.c.objc; path = HLPieChartData.m; sourceTree = "<group>"; };
		C7A327B11F340E1F00FF05D4 /* HLPieChartView.h */ = {isa = PBXFileReference; fileEncoding = 4; lastKnownFileType = sourcecode.c.h; path = HLPieChartView.h; sourceTree = "<group>"; };
		C7A327B21F340E1F00FF05D4 /* HLPieChartView.m */ = {isa = PBXFileReference; fileEncoding = 4; lastKnownFileType = sourcecode.c.objc; path = HLPieChartView.m; sourceTree = "<group>"; };
		C7A327B31F340E1F00FF05D4 /* HLPieLengendView.h */ = {isa = PBXFileReference; fileEncoding = 4; lastKnownFileType = sourcecode.c.h; path = HLPieLengendView.h; sourceTree = "<group>"; };
		C7A327B41F340E1F00FF05D4 /* HLPieLengendView.m */ = {isa = PBXFileReference; fileEncoding = 4; lastKnownFileType = sourcecode.c.objc; path = HLPieLengendView.m; sourceTree = "<group>"; };
		C7A327B51F340E1F00FF05D4 /* UIView+SetRect.h */ = {isa = PBXFileReference; fileEncoding = 4; lastKnownFileType = sourcecode.c.h; path = "UIView+SetRect.h"; sourceTree = "<group>"; };
		C7A327B61F340E1F00FF05D4 /* UIView+SetRect.m */ = {isa = PBXFileReference; fileEncoding = 4; lastKnownFileType = sourcecode.c.objc; path = "UIView+SetRect.m"; sourceTree = "<group>"; };
/* End PBXFileReference section */

/* Begin PBXFrameworksBuildPhase section */
		C7A327461F3403F700FF05D4 /* Frameworks */ = {
			isa = PBXFrameworksBuildPhase;
			buildActionMask = 2147483647;
			files = (
			);
			runOnlyForDeploymentPostprocessing = 0;
		};
/* End PBXFrameworksBuildPhase section */

/* Begin PBXGroup section */
		C7A327401F3403F700FF05D4 = {
			isa = PBXGroup;
			children = (
				C7A327A61F340E1F00FF05D4 /* HLChartView */,
				C7A3274B1F3403F700FF05D4 /* ChartDemo */,
				C7A3274A1F3403F700FF05D4 /* Products */,
			);
			sourceTree = "<group>";
		};
		C7A3274A1F3403F700FF05D4 /* Products */ = {
			isa = PBXGroup;
			children = (
				C7A327491F3403F700FF05D4 /* ChartDemo.app */,
			);
			name = Products;
			sourceTree = "<group>";
		};
		C7A3274B1F3403F700FF05D4 /* ChartDemo */ = {
			isa = PBXGroup;
			children = (
				C7A3274F1F3403F700FF05D4 /* AppDelegate.h */,
				C7A327501F3403F700FF05D4 /* AppDelegate.m */,
				C7A327521F3403F700FF05D4 /* ViewController.h */,
				C7A327531F3403F700FF05D4 /* ViewController.m */,
				C7A3278C1F3406AF00FF05D4 /* PrefixHeader.pch */,
				C7A3276C1F3404F800FF05D4 /* AnimationTwoList */,
				C7A327631F3404F800FF05D4 /* 饼图 */,
				C7A327661F3404F800FF05D4 /* 折线图 */,
				C7A327691F3404F800FF05D4 /* 柱状图 */,
				C7A327551F3403F700FF05D4 /* Main.storyboard */,
				C7A327581F3403F700FF05D4 /* Assets.xcassets */,
				C7A3275A1F3403F700FF05D4 /* LaunchScreen.storyboard */,
				C7A3275D1F3403F700FF05D4 /* Info.plist */,
				C7A3274C1F3403F700FF05D4 /* Supporting Files */,
			);
			path = ChartDemo;
			sourceTree = "<group>";
		};
		C7A3274C1F3403F700FF05D4 /* Supporting Files */ = {
			isa = PBXGroup;
			children = (
				C7A3274D1F3403F700FF05D4 /* main.m */,
			);
			name = "Supporting Files";
			sourceTree = "<group>";
		};
		C7A327631F3404F800FF05D4 /* 饼图 */ = {
			isa = PBXGroup;
			children = (
				C7A327641F3404F800FF05D4 /* PieChartViewController.h */,
				C7A327651F3404F800FF05D4 /* PieChartViewController.m */,
			);
			path = "饼图";
			sourceTree = "<group>";
		};
		C7A327661F3404F800FF05D4 /* 折线图 */ = {
			isa = PBXGroup;
			children = (
				C7A327671F3404F800FF05D4 /* LineChartViewController.h */,
				C7A327681F3404F800FF05D4 /* LineChartViewController.m */,
			);
			path = "折线图";
			sourceTree = "<group>";
		};
		C7A327691F3404F800FF05D4 /* 柱状图 */ = {
			isa = PBXGroup;
			children = (
				C7A3276A1F3404F800FF05D4 /* HistogramViewController.h */,
				C7A3276B1F3404F800FF05D4 /* HistogramViewController.m */,
			);
			path = "柱状图";
			sourceTree = "<group>";
		};
		C7A3276C1F3404F800FF05D4 /* AnimationTwoList */ = {
			isa = PBXGroup;
			children = (
				C7A3276D1F3404F800FF05D4 /* AnimationTwoListViewController.h */,
				C7A3276E1F3404F800FF05D4 /* AnimationTwoListViewController.m */,
			);
			path = AnimationTwoList;
			sourceTree = "<group>";
		};
		C7A327A61F340E1F00FF05D4 /* HLChartView */ = {
			isa = PBXGroup;
			children = (
				C7A327A71F340E1F00FF05D4 /* HLHistogramData.h */,
				C7A327A81F340E1F00FF05D4 /* HLHistogramData.m */,
				C7A327A91F340E1F00FF05D4 /* HLHistogramView.h */,
				C7A327AA1F340E1F00FF05D4 /* HLHistogramView.m */,
				C7A327AB1F340E1F00FF05D4 /* HLLineChartData.h */,
				C7A327AC1F340E1F00FF05D4 /* HLLineChartData.m */,
				C7A327AD1F340E1F00FF05D4 /* HLLineChartView.h */,
				C7A327AE1F340E1F00FF05D4 /* HLLineChartView.m */,
				C7A327AF1F340E1F00FF05D4 /* HLPieChartData.h */,
				C7A327B01F340E1F00FF05D4 /* HLPieChartData.m */,
				C7A327B11F340E1F00FF05D4 /* HLPieChartView.h */,
				C7A327B21F340E1F00FF05D4 /* HLPieChartView.m */,
				C7A327B31F340E1F00FF05D4 /* HLPieLengendView.h */,
				C7A327B41F340E1F00FF05D4 /* HLPieLengendView.m */,
				C7A327B51F340E1F00FF05D4 /* UIView+SetRect.h */,
				C7A327B61F340E1F00FF05D4 /* UIView+SetRect.m */,
			);
			path = HLChartView;
			sourceTree = "<group>";
		};
/* End PBXGroup section */

/* Begin PBXNativeTarget section */
		C7A327481F3403F700FF05D4 /* ChartDemo */ = {
			isa = PBXNativeTarget;
			buildConfigurationList = C7A327601F3403F700FF05D4 /* Build configuration list for PBXNativeTarget "ChartDemo" */;
			buildPhases = (
				C7A327451F3403F700FF05D4 /* Sources */,
				C7A327461F3403F700FF05D4 /* Frameworks */,
				C7A327471F3403F700FF05D4 /* Resources */,
			);
			buildRules = (
			);
			dependencies = (
			);
			name = ChartDemo;
			productName = ChartDemo;
			productReference = C7A327491F3403F700FF05D4 /* ChartDemo.app */;
			productType = "com.apple.product-type.application";
		};
/* End PBXNativeTarget section */

/* Begin PBXProject section */
		C7A327411F3403F700FF05D4 /* Project object */ = {
			isa = PBXProject;
			attributes = {
				LastUpgradeCheck = 0830;
				ORGANIZATIONNAME = zhiyuehl;
				TargetAttributes = {
					C7A327481F3403F700FF05D4 = {
						CreatedOnToolsVersion = 8.3.1;
						ProvisioningStyle = Automatic;
					};
				};
			};
			buildConfigurationList = C7A327441F3403F700FF05D4 /* Build configuration list for PBXProject "ChartDemo" */;
			compatibilityVersion = "Xcode 3.2";
			developmentRegion = English;
			hasScannedForEncodings = 0;
			knownRegions = (
				en,
				Base,
			);
			mainGroup = C7A327401F3403F700FF05D4;
			productRefGroup = C7A3274A1F3403F700FF05D4 /* Products */;
			projectDirPath = "";
			projectRoot = "";
			targets = (
				C7A327481F3403F700FF05D4 /* ChartDemo */,
			);
		};
/* End PBXProject section */

/* Begin PBXResourcesBuildPhase section */
		C7A327471F3403F700FF05D4 /* Resources */ = {
			isa = PBXResourcesBuildPhase;
			buildActionMask = 2147483647;
			files = (
				C7A3275C1F3403F700FF05D4 /* LaunchScreen.storyboard in Resources */,
				C7A327591F3403F700FF05D4 /* Assets.xcassets in Resources */,
				C7A327571F3403F700FF05D4 /* Main.storyboard in Resources */,
			);
			runOnlyForDeploymentPostprocessing = 0;
		};
/* End PBXResourcesBuildPhase section */

/* Begin PBXSourcesBuildPhase section */
		C7A327451F3403F700FF05D4 /* Sources */ = {
			isa = PBXSourcesBuildPhase;
			buildActionMask = 2147483647;
			files = (
				C7A327B71F340E1F00FF05D4 /* HLHistogramData.m in Sources */,
				C7A327541F3403F700FF05D4 /* ViewController.m in Sources */,
				C7A327711F3404F800FF05D4 /* HistogramViewController.m in Sources */,
				C7A327BA1F340E1F00FF05D4 /* HLLineChartView.m in Sources */,
				C7A327511F3403F700FF05D4 /* AppDelegate.m in Sources */,
				C7A327BB1F340E1F00FF05D4 /* HLPieChartData.m in Sources */,
				C7A327721F3404F800FF05D4 /* AnimationTwoListViewController.m in Sources */,
				C7A327701F3404F800FF05D4 /* LineChartViewController.m in Sources */,
				C7A3276F1F3404F800FF05D4 /* PieChartViewController.m in Sources */,
				C7A327B81F340E1F00FF05D4 /* HLHistogramView.m in Sources */,
				C7A327B91F340E1F00FF05D4 /* HLLineChartData.m in Sources */,
				C7A327BC1F340E1F00FF05D4 /* HLPieChartView.m in Sources */,
				C7A3274E1F3403F700FF05D4 /* main.m in Sources */,
				C7A327BE1F340E1F00FF05D4 /* UIView+SetRect.m in Sources */,
				C7A327BD1F340E1F00FF05D4 /* HLPieLengendView.m in Sources */,
			);
			runOnlyForDeploymentPostprocessing = 0;
		};
/* End PBXSourcesBuildPhase section */

/* Begin PBXVariantGroup section */
		C7A327551F3403F700FF05D4 /* Main.storyboard */ = {
			isa = PBXVariantGroup;
			children = (
				C7A327561F3403F700FF05D4 /* Base */,
			);
			name = Main.storyboard;
			sourceTree = "<group>";
		};
		C7A3275A1F3403F700FF05D4 /* LaunchScreen.storyboard */ = {
			isa = PBXVariantGroup;
			children = (
				C7A3275B1F3403F700FF05D4 /* Base */,
			);
			name = LaunchScreen.storyboard;
			sourceTree = "<group>";
		};
/* End PBXVariantGroup section */

/* Begin XCBuildConfiguration section */
		C7A3275E1F3403F700FF05D4 /* Debug */ = {
			isa = XCBuildConfiguration;
			buildSettings = {
				ALWAYS_SEARCH_USER_PATHS = NO;
				CLANG_ANALYZER_NONNULL = YES;
				CLANG_ANALYZER_NUMBER_OBJECT_CONVERSION = YES_AGGRESSIVE;
				CLANG_CXX_LANGUAGE_STANDARD = "gnu++0x";
				CLANG_CXX_LIBRARY = "libc++";
				CLANG_ENABLE_MODULES = YES;
				CLANG_ENABLE_OBJC_ARC = YES;
				CLANG_WARN_BOOL_CONVERSION = YES;
				CLANG_WARN_CONSTANT_CONVERSION = YES;
				CLANG_WARN_DIRECT_OBJC_ISA_USAGE = YES_ERROR;
				CLANG_WARN_DOCUMENTATION_COMMENTS = YES;
				CLANG_WARN_EMPTY_BODY = YES;
				CLANG_WARN_ENUM_CONVERSION = YES;
				CLANG_WARN_INFINITE_RECURSION = YES;
				CLANG_WARN_INT_CONVERSION = YES;
				CLANG_WARN_OBJC_ROOT_CLASS = YES_ERROR;
				CLANG_WARN_SUSPICIOUS_MOVE = YES;
				CLANG_WARN_UNREACHABLE_CODE = YES;
				CLANG_WARN__DUPLICATE_METHOD_MATCH = YES;
				"CODE_SIGN_IDENTITY[sdk=iphoneos*]" = "iPhone Developer";
				COPY_PHASE_STRIP = NO;
				DEBUG_INFORMATION_FORMAT = dwarf;
				ENABLE_STRICT_OBJC_MSGSEND = YES;
				ENABLE_TESTABILITY = YES;
				GCC_C_LANGUAGE_STANDARD = gnu99;
				GCC_DYNAMIC_NO_PIC = NO;
				GCC_NO_COMMON_BLOCKS = YES;
				GCC_OPTIMIZATION_LEVEL = 0;
				GCC_PREPROCESSOR_DEFINITIONS = (
					"DEBUG=1",
					"$(inherited)",
				);
				GCC_WARN_64_TO_32_BIT_CONVERSION = YES;
				GCC_WARN_ABOUT_RETURN_TYPE = YES_ERROR;
				GCC_WARN_UNDECLARED_SELECTOR = YES;
				GCC_WARN_UNINITIALIZED_AUTOS = YES_AGGRESSIVE;
				GCC_WARN_UNUSED_FUNCTION = YES;
				GCC_WARN_UNUSED_VARIABLE = YES;
				IPHONEOS_DEPLOYMENT_TARGET = 10.3;
				MTL_ENABLE_DEBUG_INFO = YES;
				ONLY_ACTIVE_ARCH = YES;
				SDKROOT = iphoneos;
			};
			name = Debug;
		};
		C7A3275F1F3403F700FF05D4 /* Release */ = {
			isa = XCBuildConfiguration;
			buildSettings = {
				ALWAYS_SEARCH_USER_PATHS = NO;
				CLANG_ANALYZER_NONNULL = YES;
				CLANG_ANALYZER_NUMBER_OBJECT_CONVERSION = YES_AGGRESSIVE;
				CLANG_CXX_LANGUAGE_STANDARD = "gnu++0x";
				CLANG_CXX_LIBRARY = "libc++";
				CLANG_ENABLE_MODULES = YES;
				CLANG_ENABLE_OBJC_ARC = YES;
				CLANG_WARN_BOOL_CONVERSION = YES;
				CLANG_WARN_CONSTANT_CONVERSION = YES;
				CLANG_WARN_DIRECT_OBJC_ISA_USAGE = YES_ERROR;
				CLANG_WARN_DOCUMENTATION_COMMENTS = YES;
				CLANG_WARN_EMPTY_BODY = YES;
				CLANG_WARN_ENUM_CONVERSION = YES;
				CLANG_WARN_INFINITE_RECURSION = YES;
				CLANG_WARN_INT_CONVERSION = YES;
				CLANG_WARN_OBJC_ROOT_CLASS = YES_ERROR;
				CLANG_WARN_SUSPICIOUS_MOVE = YES;
				CLANG_WARN_UNREACHABLE_CODE = YES;
				CLANG_WARN__DUPLICATE_METHOD_MATCH = YES;
				"CODE_SIGN_IDENTITY[sdk=iphoneos*]" = "iPhone Developer";
				COPY_PHASE_STRIP = NO;
				DEBUG_INFORMATION_FORMAT = "dwarf-with-dsym";
				ENABLE_NS_ASSERTIONS = NO;
				ENABLE_STRICT_OBJC_MSGSEND = YES;
				GCC_C_LANGUAGE_STANDARD = gnu99;
				GCC_NO_COMMON_BLOCKS = YES;
				GCC_WARN_64_TO_32_BIT_CONVERSION = YES;
				GCC_WARN_ABOUT_RETURN_TYPE = YES_ERROR;
				GCC_WARN_UNDECLARED_SELECTOR = YES;
				GCC_WARN_UNINITIALIZED_AUTOS = YES_AGGRESSIVE;
				GCC_WARN_UNUSED_FUNCTION = YES;
				GCC_WARN_UNUSED_VARIABLE = YES;
				IPHONEOS_DEPLOYMENT_TARGET = 10.3;
				MTL_ENABLE_DEBUG_INFO = NO;
				SDKROOT = iphoneos;
				VALIDATE_PRODUCT = YES;
			};
			name = Release;
		};
		C7A327611F3403F700FF05D4 /* Debug */ = {
			isa = XCBuildConfiguration;
			buildSettings = {
				ASSETCATALOG_COMPILER_APPICON_NAME = AppIcon;
				GCC_PREFIX_HEADER = "$(SRCROOT)/ChartDemo/PrefixHeader.pch";
				INFOPLIST_FILE = ChartDemo/Info.plist;
				LD_RUNPATH_SEARCH_PATHS = "$(inherited) @executable_path/Frameworks";
				PRODUCT_BUNDLE_IDENTIFIER = com.zhiyuehl.ChartDemo;
				PRODUCT_NAME = "$(TARGET_NAME)";
			};
			name = Debug;
		};
		C7A327621F3403F700FF05D4 /* Release */ = {
			isa = XCBuildConfiguration;
			buildSettings = {
				ASSETCATALOG_COMPILER_APPICON_NAME = AppIcon;
				GCC_PREFIX_HEADER = "$(SRCROOT)/ChartDemo/PrefixHeader.pch";
				INFOPLIST_FILE = ChartDemo/Info.plist;
				LD_RUNPATH_SEARCH_PATHS = "$(inherited) @executable_path/Frameworks";
				PRODUCT_BUNDLE_IDENTIFIER = com.zhiyuehl.ChartDemo;
				PRODUCT_NAME = "$(TARGET_NAME)";
			};
			name = Release;
		};
/* End XCBuildConfiguration section */

/* Begin XCConfigurationList section */
		C7A327441F3403F700FF05D4 /* Build configuration list for PBXProject "ChartDemo" */ = {
			isa = XCConfigurationList;
			buildConfigurations = (
				C7A3275E1F3403F700FF05D4 /* Debug */,
				C7A3275F1F3403F700FF05D4 /* Release */,
			);
			defaultConfigurationIsVisible = 0;
			defaultConfigurationName = Release;
		};
		C7A327601F3403F700FF05D4 /* Build configuration list for PBXNativeTarget "ChartDemo" */ = {
			isa = XCConfigurationList;
			buildConfigurations = (
				C7A327611F3403F700FF05D4 /* Debug */,
				C7A327621F3403F700FF05D4 /* Release */,
			);
			defaultConfigurationIsVisible = 0;
			defaultConfigurationName = Release;
		};
/* End XCConfigurationList section */
	};
	rootObject = C7A327411F3403F700FF05D4 /* Project object */;
}
